lockfileVersion: '9.0'

settings:
  autoInstallPeers: true
  excludeLinksFromLockfile: false

importers:

  .:
    devDependencies:
      '@benchristel/mdsite':
        specifier: 0.9.0
        version: 0.9.0
      marss:
        specifier: 0.0.1
        version: 0.0.1

packages:

  '@benchristel/mdsite@0.9.0':
    resolution: {integrity: sha512-Hvjm9giIm2XhrL1IXtLGLUi9G4qj3QuPeBQ0sOWI8f3QYAA6i1+Ihswzvc7B8Be+zaeYlk36Zu/BzFBqaTCXAg==}
    hasBin: true

  '@benchristel/taste@0.5.0':
    resolution: {integrity: sha512-xr0QL76NohYOMG94O1Tr9N4piH3SzVztznbbZyUDZRZjivcqqUqVyBuQV/KvNUUg4dbntlMEAkidMLB9whHTIg==}

  '@benchristel/taste@0.7.0':
    resolution: {integrity: sha512-VhYLQ6g4JTUa6uvq2KiVVSLNqR9iitxFEdwDMhbVSHx16S1OQs3hrI6qIi7JwcLmpIlQ7nJOpMj8qvDGL6wFQA==}

  '@longlast/curry@0.6.4':
    resolution: {integrity: sha512-Zp6ImBnRTvdZNkhtScQ9RoOxlrihji/vz8Z4WmYUYnoV55nABuyup0BPSBRjedvPlSUTWyh/P8SC2ZQGa2ylXQ==}

  '@longlast/function-provenance@0.0.2':
    resolution: {integrity: sha512-XdKsZbqK3VnrC7oSaFNoTxD3VN6fpJVgas80BB6SLNVHarxYBYaZ1O+hhxt5CJuIAHmD0AHds88kKMJnIEZUUw==}

  '@longlast/symbols@1.1.2':
    resolution: {integrity: sha512-Xz0L8085LSDGpVf+RSxP/POUejRN1mLt7Fot/Vq0FcPDdepyTnWO7303J9ZKlFbZKF2RU6PRfVLUzGYGnDDKPw==}

  '@types/yargs-parser@21.0.3':
    resolution: {integrity: sha512-I4q9QU9MQv4oEOz4tAHJtNz1cwuLxn2F3xcc2iV5WdqLPpUnj30aUuxt1mAxYTG+oe8CZMV/+6rU4S4gRDzqtQ==}

  boolbase@1.0.0:
    resolution: {integrity: sha512-JZOSA7Mo9sNGB8+UjSgzdLtokWAky1zbztM3WRLCbZ70/3cTANmQmOdR7y2g+J0e2WXywy1yS468tY+IruqEww==}

  cheerio-select@2.1.0:
    resolution: {integrity: sha512-9v9kG0LvzrlcungtnJtpGNxY+fzECQKhK4EGJX2vByejiMX84MFNQw4UxPJl3bFbTMw+Dfs37XaIkCwTZfLh4g==}

  cheerio@1.0.0-rc.12:
    resolution: {integrity: sha512-VqR8m68vM46BNnuZ5NtnGBKIE/DfN0cRIzg9n40EIq9NOv90ayxLBXA8fXC5gquFRGJSTRqBq25Jt2ECLR431Q==}
    engines: {node: '>= 6'}

  css-select@5.2.2:
    resolution: {integrity: sha512-TizTzUddG/xYLA3NXodFM0fSbNizXjOKhqiQQwvhlspadZokn1KDy0NZFS0wuEubIYAV5/c1/lAr0TaaFXEXzw==}

  css-what@6.2.2:
    resolution: {integrity: sha512-u/O3vwbptzhMs3L1fQE82ZSLHQQfto5gyZzwteVIEyeaY5Fc7R4dapF/BvRoSYFeqfBk4m0V1Vafq5Pjv25wvA==}
    engines: {node: '>= 6'}

  dayjs@1.11.23:
    resolution: {integrity: sha512-QDTCU0M0MxR3hQfnlDJfwekQiaanm1ubOD231u73WBckQ/fsamwRLiE2GBz6D3a/xF1NgfiDLJjXBa1hYOYTtQ==}

  dom-serializer@2.0.0:
    resolution: {integrity: sha512-wIkAryiqt/nV5EQKqQpo3SToSOV9J0DnbJqwK7Wv/Trc92zIAYZ4FlMu+JPFW1DfGFt81ZTCGgDEabffXeLyJg==}

  domelementtype@2.3.0:
    resolution: {integrity: sha512-OLETBj6w0OsagBwdXnPdN0cnMfF9opN69co+7ZrbfPGrdpPVNBUj02spi6B1N7wChLQiPn4CSH/zJvXw56gmHw==}

  domhandler@5.0.3:
    resolution: {integrity: sha512-cgwlv/1iFQiFnU96XXgROh8xTeetsnJiDsTc7TYCLFd9+/WNkIqPTxiM/8pSd8VIrhXGTf1Ny1q1hquVqDJB5w==}
    engines: {node: '>= 4'}

  domutils@3.2.2:
    resolution: {integrity: sha512-6kZKyUajlDuqlHKVX1w7gyslj9MPIXzIFiz/rGu35uC1wMi+kMhQwGhl4lt9unC9Vb9INnY9Z3/ZA3+FhASLaw==}

  entities@4.5.0:
    resolution: {integrity: sha512-V0hjH4dGPh9Ao5p0MoRY6BVqtwCjhz6vI5LT8AJ55H+4g9/4vbHx1I54fS0XuclLhDHArPQCiMjDxjaL8fPxhw==}
    engines: {node: '>=0.12'}

  entities@6.0.1:
    resolution: {integrity: sha512-aN97NXWF6AWBTahfVOIrB/NShkzi5H7F9r1s9mD3cDj4Ko5f2qhhVoYMibXF7GlLveb/D2ioWay8lxI97Ven3g==}
    engines: {node: '>=0.12'}

  github-slugger@2.0.0:
    resolution: {integrity: sha512-IaOQ9puYtjrkq7Y0Ygl9KDZnrf/aiUJYUpVf89y8kyaxbRG7Y1SrX/jaumrv81vc61+kiMempujsM3Yw7w5qcw==}

  highlight.js@11.12.0:
    resolution: {integrity: sha512-nbfWpyRMcMrPMmDwJB+dhX/eiaPKtc2RB+0QZskqJ3WjRA/FDS0e9hZrx8EC/lbEv8gXy98FcDbNa/dspAaJMg==}
    engines: {node: '>=12.0.0'}

  htmlparser2@8.0.2:
    resolution: {integrity: sha512-GYdjWKDkbRLkZ5geuHs5NY1puJ+PXwP7+fHPRz06Eirsb9ugf6d8kkXav6ADhcODhFFPMIXyxkxSuMf3D6NCFA==}

  htmlparser2@9.1.0:
    resolution: {integrity: sha512-5zfg6mHUoaer/97TxnGpxmbR7zJtPwIYFMZ/H5ucTlPZhKvtum05yiPK3Mgai3a0DyVxv7qYqoweaEd2nrYQzQ==}

  marked-footnote@1.4.0:
    resolution: {integrity: sha512-fZTxAhI1TcLEs5UOjCfYfTHpyKGaWQevbxaGTEA68B51l7i87SctPFtHETYqPkEN0ka5opvy4Dy1l/yXVC+hmg==}
    peerDependencies:
      marked: '>=7.0.0'

  marked-gfm-heading-id@4.1.4:
    resolution: {integrity: sha512-CspnvVfHSkb/znqdPS4jUR8HtCjq3M/DnrsJCrfLBLvdrgbemmoINKpeWKQYkBiXAoBGejw0cV7xzqrPdup3WA==}
    peerDependencies:
      marked: '>=13 <19'

  marked-highlight@2.2.4:
    resolution: {integrity: sha512-PZxisNMJDduSjc0q6uvjsnqqHCXc9s0eyzxDO9sB1eNGJnd/H1/Fu+z6g/liC1dfJdFW4SftMwMlLvsBhUPrqQ==}
    peerDependencies:
      marked: '>=4 <19'

  marked@13.0.3:
    resolution: {integrity: sha512-rqRix3/TWzE9rIoFGIn8JmsVfhiuC8VIQ8IdX5TfzmeBucdY05/0UlzKaw0eVtpcN/OdVFpBk7CjKGo9iHJ/zA==}
    engines: {node: '>= 18'}
    hasBin: true

  marked@14.1.4:
    resolution: {integrity: sha512-vkVZ8ONmUdPnjCKc5uTRvmkRbx4EAi2OkTOXmfTDhZz3OFqMNBM1oTTWwTr4HY4uAEojhzPf+Fy8F1DWa3Sndg==}
    engines: {node: '>= 18'}
    hasBin: true

  marss@0.0.1:
    resolution: {integrity: sha512-FqmR5eZFMWp0AtcaiFKOZsYXeh45sAlRoQzhYVZCuhVNY8R0pAGFivt5fPFMZJVeN4VaxtHa1i/QPr/f50ZQZg==}
    hasBin: true

  nth-check@2.1.1:
    resolution: {integrity: sha512-lqjrjmaOoAnWfMmBPL+XNnynZh2+swxiX3WUE0s4yEHI6m+AwrK2UZOimIRl3X/4QctVqS8AiZjFqyOGrMXb/w==}

  parse5-htmlparser2-tree-adapter@7.1.0:
    resolution: {integrity: sha512-ruw5xyKs6lrpo9x9rCZqZZnIUntICjQAd0Wsmp396Ul9lN/h+ifgVV1x1gZHi8euej6wTfpqX8j+BFQxF0NS/g==}

  parse5@7.3.0:
    resolution: {integrity: sha512-IInvU7fabl34qmi9gY8XOVxhYyMyuH2xUNpb2q8/Y+7552KlejkRvqvD19nMoUW/uQGGbqNpA6Tufu5FL5BZgw==}

  xml@1.0.1:
    resolution: {integrity: sha512-huCv9IH9Tcf95zuYCsQraZtWnJvBtLVE0QHMOs8bWyZAFZNDcYjsPq1nEx8jKA9y+Beo9v+7OBPRisQTjinQMw==}

  yargs-parser@21.1.1:
    resolution: {integrity: sha512-tVpsJW7DdjecAiFpbIB1e3qxIQsE6NoPc5/eTdrbbIC4h0LVsWhnoa3g+m2HclBIujHzsxZ4VJVA+GUuc2/LBw==}
    engines: {node: '>=12'}

snapshots:

  '@benchristel/mdsite@0.9.0':
    dependencies:
      '@benchristel/taste': 0.5.0
      '@types/yargs-parser': 21.0.3
      cheerio: 1.0.0-rc.12
      highlight.js: 11.12.0
      marked: 14.1.4
      marked-footnote: 1.4.0(marked@14.1.4)
      marked-gfm-heading-id: 4.1.4(marked@14.1.4)
      marked-highlight: 2.2.4(marked@14.1.4)
      yargs-parser: 21.1.1

  '@benchristel/taste@0.5.0': {}

  '@benchristel/taste@0.7.0':
    dependencies:
      '@longlast/curry': 0.6.4
      '@longlast/symbols': 1.1.2

  '@longlast/curry@0.6.4':
    dependencies:
      '@longlast/function-provenance': 0.0.2
      '@longlast/symbols': 1.1.2

  '@longlast/function-provenance@0.0.2':
    dependencies:
      '@longlast/symbols': 1.1.2

  '@longlast/symbols@1.1.2': {}

  '@types/yargs-parser@21.0.3': {}

  boolbase@1.0.0: {}

  cheerio-select@2.1.0:
    dependencies:
      boolbase: 1.0.0
      css-select: 5.2.2
      css-what: 6.2.2
      domelementtype: 2.3.0
      domhandler: 5.0.3
      domutils: 3.2.2

  cheerio@1.0.0-rc.12:
    dependencies:
      cheerio-select: 2.1.0
      dom-serializer: 2.0.0
      domhandler: 5.0.3
      domutils: 3.2.2
      htmlparser2: 8.0.2
      parse5: 7.3.0
      parse5-htmlparser2-tree-adapter: 7.1.0

  css-select@5.2.2:
    dependencies:
      boolbase: 1.0.0
      css-what: 6.2.2
      domhandler: 5.0.3
      domutils: 3.2.2
      nth-check: 2.1.1

  css-what@6.2.2: {}

  dayjs@1.11.23: {}

  dom-serializer@2.0.0:
    dependencies:
      domelementtype: 2.3.0
      domhandler: 5.0.3
      entities: 4.5.0

  domelementtype@2.3.0: {}

  domhandler@5.0.3:
    dependencies:
      domelementtype: 2.3.0

  domutils@3.2.2:
    dependencies:
      dom-serializer: 2.0.0
      domelementtype: 2.3.0
      domhandler: 5.0.3

  entities@4.5.0: {}

  entities@6.0.1: {}

  github-slugger@2.0.0: {}

  highlight.js@11.12.0: {}

  htmlparser2@8.0.2:
    dependencies:
      domelementtype: 2.3.0
      domhandler: 5.0.3
      domutils: 3.2.2
      entities: 4.5.0

  htmlparser2@9.1.0:
    dependencies:
      domelementtype: 2.3.0
      domhandler: 5.0.3
      domutils: 3.2.2
      entities: 4.5.0

  marked-footnote@1.4.0(marked@14.1.4):
    dependencies:
      marked: 14.1.4

  marked-gfm-heading-id@4.1.4(marked@13.0.3):
    dependencies:
      github-slugger: 2.0.0
      marked: 13.0.3

  marked-gfm-heading-id@4.1.4(marked@14.1.4):
    dependencies:
      github-slugger: 2.0.0
      marked: 14.1.4

  marked-highlight@2.2.4(marked@14.1.4):
    dependencies:
      marked: 14.1.4

  marked@13.0.3: {}

  marked@14.1.4: {}

  marss@0.0.1:
    dependencies:
      '@benchristel/taste': 0.7.0
      dayjs: 1.11.23
      dom-serializer: 2.0.0
      domutils: 3.2.2
      htmlparser2: 9.1.0
      marked: 13.0.3
      marked-gfm-heading-id: 4.1.4(marked@13.0.3)
      xml: 1.0.1

  nth-check@2.1.1:
    dependencies:
      boolbase: 1.0.0

  parse5-htmlparser2-tree-adapter@7.1.0:
    dependencies:
      domhandler: 5.0.3
      parse5: 7.3.0

  parse5@7.3.0:
    dependencies:
      entities: 6.0.1

  xml@1.0.1: {}

  yargs-parser@21.1.1: {}
